// !$*UTF8*$!
{
	archiveVersion = 1;
	classes = {
	};
	objectVersion = 46;
	objects = {

/* Begin PBXBuildFile section */
		EE3907A31C3AB69D005BFF3D /* ORKTaskResult+SecuTrial.swift in Sources */ = {isa = PBXBuildFile; fileRef = EE3907A21C3AB69D005BFF3D /* ORKTaskResult+SecuTrial.swift */; };
		EE3907A71C3ACD95005BFF3D /* SecuTrialEntityImportFormat.swift in Sources */ = {isa = PBXBuildFile; fileRef = EE3907A61C3ACD95005BFF3D /* SecuTrialEntityImportFormat.swift */; };
		EE5BE97B1C2ACA4100058027 /* SecuTrialError.swift in Sources */ = {isa = PBXBuildFile; fileRef = EE5BE97A1C2ACA4100058027 /* SecuTrialError.swift */; };
		EE5BE9821C2AD91700058027 /* SecuTrialEntity.swift in Sources */ = {isa = PBXBuildFile; fileRef = EE5BE97E1C2AD91700058027 /* SecuTrialEntity.swift */; };
		EE5BE9831C2AD91700058027 /* SecuTrialEntityForm.swift in Sources */ = {isa = PBXBuildFile; fileRef = EE5BE97F1C2AD91700058027 /* SecuTrialEntityForm.swift */; };
		EE5BE9841C2AD91700058027 /* SecuTrialEntityObject.swift in Sources */ = {isa = PBXBuildFile; fileRef = EE5BE9801C2AD91700058027 /* SecuTrialEntityObject.swift */; };
		EE5BE9851C2AD91700058027 /* SecuTrialFormDefinition.swift in Sources */ = {isa = PBXBuildFile; fileRef = EE5BE9811C2AD91700058027 /* SecuTrialFormDefinition.swift */; };
		EE5BE98E1C2ADA7500058027 /* SecuTrialEntityForm+ResearchKit.swift in Sources */ = {isa = PBXBuildFile; fileRef = EE5BE98D1C2ADA7500058027 /* SecuTrialEntityForm+ResearchKit.swift */; };
		EE5BE9941C2ADDE800058027 /* SecuTrialEntityFormField.swift in Sources */ = {isa = PBXBuildFile; fileRef = EE5BE9931C2ADDE800058027 /* SecuTrialEntityFormField.swift */; };
		EE5BE9961C2AE06B00058027 /* SecuTrialEntityFormField+ResearchKit.swift in Sources */ = {isa = PBXBuildFile; fileRef = EE5BE9951C2AE06B00058027 /* SecuTrialEntityFormField+ResearchKit.swift */; };
		EE5BE9981C2AE99800058027 /* SecuTrialSurvey.swift in Sources */ = {isa = PBXBuildFile; fileRef = EE5BE9971C2AE99800058027 /* SecuTrialSurvey.swift */; };
		EE7B36B91E536198007B1D73 /* ResearchKit.framework in Frameworks */ = {isa = PBXBuildFile; fileRef = EE7B36B81E536198007B1D73 /* ResearchKit.framework */; };
		EE83DC331BC66E2C000B57D5 /* SecuTrialClient.framework in Frameworks */ = {isa = PBXBuildFile; fileRef = EE83DC281BC66E2C000B57D5 /* SecuTrialClient.framework */; };
		EE83DC381BC66E2C000B57D5 /* SecuTrialClientTests.swift in Sources */ = {isa = PBXBuildFile; fileRef = EE83DC371BC66E2C000B57D5 /* SecuTrialClientTests.swift */; };
		EE83DC4E1BC66EE1000B57D5 /* SecuTrialService.swift in Sources */ = {isa = PBXBuildFile; fileRef = EE83DC4D1BC66EE1000B57D5 /* SecuTrialService.swift */; };
		EE83DC671BC691E7000B57D5 /* SecuTrialOperation.swift in Sources */ = {isa = PBXBuildFile; fileRef = EE83DC661BC691E7000B57D5 /* SecuTrialOperation.swift */; };
		EE83DC691BC69291000B57D5 /* SOAPRequest.swift in Sources */ = {isa = PBXBuildFile; fileRef = EE83DC681BC69291000B57D5 /* SOAPRequest.swift */; };
		EE83DC6B1BC6929A000B57D5 /* SOAPResponse.swift in Sources */ = {isa = PBXBuildFile; fileRef = EE83DC6A1BC6929A000B57D5 /* SOAPResponse.swift */; };
		EE83DC6D1BC6A234000B57D5 /* SOAPNode.swift in Sources */ = {isa = PBXBuildFile; fileRef = EE83DC6C1BC6A234000B57D5 /* SOAPNode.swift */; };
		EE83DC7E1BCFC0D3000B57D5 /* SOAPEnvelope.swift in Sources */ = {isa = PBXBuildFile; fileRef = EE83DC7D1BCFC0D3000B57D5 /* SOAPEnvelope.swift */; };
		EE83DC831BCFC3F9000B57D5 /* SOAPNodeTests.swift in Sources */ = {isa = PBXBuildFile; fileRef = EE83DC821BCFC3F9000B57D5 /* SOAPNodeTests.swift */; };
		EE83DC851BCFC437000B57D5 /* TestEnvelope.xml in Resources */ = {isa = PBXBuildFile; fileRef = EE83DC841BCFC437000B57D5 /* TestEnvelope.xml */; };
		EE8973441BD0F5CA001FE1DA /* SecuTrialOperationTests.swift in Sources */ = {isa = PBXBuildFile; fileRef = EE8973431BD0F5CA001FE1DA /* SecuTrialOperationTests.swift */; };
		EE89734B1BD0FFB4001FE1DA /* SecuTrialClient.swift in Sources */ = {isa = PBXBuildFile; fileRef = EE89734A1BD0FFB4001FE1DA /* SecuTrialClient.swift */; };
		EE89734D1BD11BFD001FE1DA /* SecuTrialResponse.swift in Sources */ = {isa = PBXBuildFile; fileRef = EE89734C1BD11BFD001FE1DA /* SecuTrialResponse.swift */; };
		EEA69A6D1BE106BA00DAA00E /* SOAPParser.swift in Sources */ = {isa = PBXBuildFile; fileRef = EEA69A6C1BE106BA00DAA00E /* SOAPParser.swift */; };
		EEA69A6F1BE1074C00DAA00E /* SOAPError.swift in Sources */ = {isa = PBXBuildFile; fileRef = EEA69A6E1BE1074C00DAA00E /* SOAPError.swift */; };
		EEA69A741BE1142B00DAA00E /* SecuTrialFormParsingTests.swift in Sources */ = {isa = PBXBuildFile; fileRef = EEA69A731BE1142B00DAA00E /* SecuTrialFormParsingTests.swift */; };
		EEA69A8C1BE377DA00DAA00E /* TestFormDefinition.xml in Resources */ = {isa = PBXBuildFile; fileRef = EEA69A8B1BE377DA00DAA00E /* TestFormDefinition.xml */; };
		EEEA7F131BD4E1C30089BF85 /* SecuTrialAccount.swift in Sources */ = {isa = PBXBuildFile; fileRef = EEEA7F121BD4E1C30089BF85 /* SecuTrialAccount.swift */; };
		EEEA7F1A1BD4E5B60089BF85 /* SecuTrialBeanFormDataRecord.swift in Sources */ = {isa = PBXBuildFile; fileRef = EEEA7F191BD4E5B60089BF85 /* SecuTrialBeanFormDataRecord.swift */; };
		EEEA7F1C1BD4E6020089BF85 /* SecuTrialBeanWebServiceResult.swift in Sources */ = {isa = PBXBuildFile; fileRef = EEEA7F1B1BD4E6020089BF85 /* SecuTrialBeanWebServiceResult.swift */; };
		EEEA7F1E1BD4E6A20089BF85 /* SecuTrialBeanPatient.swift in Sources */ = {isa = PBXBuildFile; fileRef = EEEA7F1D1BD4E6A20089BF85 /* SecuTrialBeanPatient.swift */; };
		EEEA7F201BD4E6CF0089BF85 /* SecuTrialBeanVisit.swift in Sources */ = {isa = PBXBuildFile; fileRef = EEEA7F1F1BD4E6CF0089BF85 /* SecuTrialBeanVisit.swift */; };
		EEEA7F241BD4E6F60089BF85 /* SecuTrialBeanFormDataItem.swift in Sources */ = {isa = PBXBuildFile; fileRef = EEEA7F231BD4E6F60089BF85 /* SecuTrialBeanFormDataItem.swift */; };
		EEEA7F531BD674C70089BF85 /* SecuTrialBean.swift in Sources */ = {isa = PBXBuildFile; fileRef = EEEA7F521BD674C70089BF85 /* SecuTrialBean.swift */; };
/* End PBXBuildFile section */

/* Begin PBXContainerItemProxy section */
		EE83DC341BC66E2C000B57D5 /* PBXContainerItemProxy */ = {
			isa = PBXContainerItemProxy;
			containerPortal = EE83DC1F1BC66E2C000B57D5 /* Project object */;
			proxyType = 1;
			remoteGlobalIDString = EE83DC271BC66E2C000B57D5;
			remoteInfo = SecuTrialClient;
		};
/* End PBXContainerItemProxy section */

/* Begin PBXFileReference section */
		EE3907A21C3AB69D005BFF3D /* ORKTaskResult+SecuTrial.swift */ = {isa = PBXFileReference; fileEncoding = 4; lastKnownFileType = sourcecode.swift; path = "ORKTaskResult+SecuTrial.swift"; sourceTree = "<group>"; };
		EE3907A61C3ACD95005BFF3D /* SecuTrialEntityImportFormat.swift */ = {isa = PBXFileReference; fileEncoding = 4; lastKnownFileType = sourcecode.swift; path = SecuTrialEntityImportFormat.swift; sourceTree = "<group>"; };
		EE5BE97A1C2ACA4100058027 /* SecuTrialError.swift */ = {isa = PBXFileReference; fileEncoding = 4; lastKnownFileType = sourcecode.swift; path = SecuTrialError.swift; sourceTree = "<group>"; };
		EE5BE97C1C2ACDBB00058027 /* Package.swift */ = {isa = PBXFileReference; fileEncoding = 4; lastKnownFileType = sourcecode.swift; path = Package.swift; sourceTree = "<group>"; };
		EE5BE97E1C2AD91700058027 /* SecuTrialEntity.swift */ = {isa = PBXFileReference; fileEncoding = 4; lastKnownFileType = sourcecode.swift; path = SecuTrialEntity.swift; sourceTree = "<group>"; };
		EE5BE97F1C2AD91700058027 /* SecuTrialEntityForm.swift */ = {isa = PBXFileReference; fileEncoding = 4; lastKnownFileType = sourcecode.swift; path = SecuTrialEntityForm.swift; sourceTree = "<group>"; };
		EE5BE9801C2AD91700058027 /* SecuTrialEntityObject.swift */ = {isa = PBXFileReference; fileEncoding = 4; lastKnownFileType = sourcecode.swift; path = SecuTrialEntityObject.swift; sourceTree = "<group>"; };
		EE5BE9811C2AD91700058027 /* SecuTrialFormDefinition.swift */ = {isa = PBXFileReference; fileEncoding = 4; lastKnownFileType = sourcecode.swift; path = SecuTrialFormDefinition.swift; sourceTree = "<group>"; };
		EE5BE98D1C2ADA7500058027 /* SecuTrialEntityForm+ResearchKit.swift */ = {isa = PBXFileReference; fileEncoding = 4; lastKnownFileType = sourcecode.swift; path = "SecuTrialEntityForm+ResearchKit.swift"; sourceTree = "<group>"; };
		EE5BE9931C2ADDE800058027 /* SecuTrialEntityFormField.swift */ = {isa = PBXFileReference; fileEncoding = 4; lastKnownFileType = sourcecode.swift; path = SecuTrialEntityFormField.swift; sourceTree = "<group>"; };
		EE5BE9951C2AE06B00058027 /* SecuTrialEntityFormField+ResearchKit.swift */ = {isa = PBXFileReference; fileEncoding = 4; lastKnownFileType = sourcecode.swift; path = "SecuTrialEntityFormField+ResearchKit.swift"; sourceTree = "<group>"; };
		EE5BE9971C2AE99800058027 /* SecuTrialSurvey.swift */ = {isa = PBXFileReference; fileEncoding = 4; lastKnownFileType = sourcecode.swift; path = SecuTrialSurvey.swift; sourceTree = "<group>"; };
		EE7B36B81E536198007B1D73 /* ResearchKit.framework */ = {isa = PBXFileReference; lastKnownFileType = wrapper.framework; name = ResearchKit.framework; path = "../ResearchKit/build/Debug-iphoneos/ResearchKit.framework"; sourceTree = "<group>"; };
		EE83DC281BC66E2C000B57D5 /* SecuTrialClient.framework */ = {isa = PBXFileReference; explicitFileType = wrapper.framework; includeInIndex = 0; path = SecuTrialClient.framework; sourceTree = BUILT_PRODUCTS_DIR; };
		EE83DC2D1BC66E2C000B57D5 /* Info.plist */ = {isa = PBXFileReference; lastKnownFileType = text.plist.xml; path = Info.plist; sourceTree = "<group>"; };
		EE83DC321BC66E2C000B57D5 /* SecuTrialClientTests.xctest */ = {isa = PBXFileReference; explicitFileType = wrapper.cfbundle; includeInIndex = 0; path = SecuTrialClientTests.xctest; sourceTree = BUILT_PRODUCTS_DIR; };
		EE83DC371BC66E2C000B57D5 /* SecuTrialClientTests.swift */ = {isa = PBXFileReference; lastKnownFileType = sourcecode.swift; path = SecuTrialClientTests.swift; sourceTree = "<group>"; };
		EE83DC391BC66E2C000B57D5 /* Info.plist */ = {isa = PBXFileReference; lastKnownFileType = text.plist.xml; path = Info.plist; sourceTree = "<group>"; };
		EE83DC4D1BC66EE1000B57D5 /* SecuTrialService.swift */ = {isa = PBXFileReference; fileEncoding = 4; lastKnownFileType = sourcecode.swift; path = SecuTrialService.swift; sourceTree = "<group>"; };
		EE83DC661BC691E7000B57D5 /* SecuTrialOperation.swift */ = {isa = PBXFileReference; fileEncoding = 4; lastKnownFileType = sourcecode.swift; path = SecuTrialOperation.swift; sourceTree = "<group>"; };
		EE83DC681BC69291000B57D5 /* SOAPRequest.swift */ = {isa = PBXFileReference; fileEncoding = 4; lastKnownFileType = sourcecode.swift; path = SOAPRequest.swift; sourceTree = "<group>"; };
		EE83DC6A1BC6929A000B57D5 /* SOAPResponse.swift */ = {isa = PBXFileReference; fileEncoding = 4; lastKnownFileType = sourcecode.swift; path = SOAPResponse.swift; sourceTree = "<group>"; };
		EE83DC6C1BC6A234000B57D5 /* SOAPNode.swift */ = {isa = PBXFileReference; fileEncoding = 4; lastKnownFileType = sourcecode.swift; path = SOAPNode.swift; sourceTree = "<group>"; };
		EE83DC7D1BCFC0D3000B57D5 /* SOAPEnvelope.swift */ = {isa = PBXFileReference; fileEncoding = 4; lastKnownFileType = sourcecode.swift; path = SOAPEnvelope.swift; sourceTree = "<group>"; };
		EE83DC821BCFC3F9000B57D5 /* SOAPNodeTests.swift */ = {isa = PBXFileReference; fileEncoding = 4; lastKnownFileType = sourcecode.swift; path = SOAPNodeTests.swift; sourceTree = "<group>"; };
		EE83DC841BCFC437000B57D5 /* TestEnvelope.xml */ = {isa = PBXFileReference; fileEncoding = 4; lastKnownFileType = text.xml; path = TestEnvelope.xml; sourceTree = "<group>"; };
		EE8973431BD0F5CA001FE1DA /* SecuTrialOperationTests.swift */ = {isa = PBXFileReference; fileEncoding = 4; lastKnownFileType = sourcecode.swift; path = SecuTrialOperationTests.swift; sourceTree = "<group>"; };
		EE89734A1BD0FFB4001FE1DA /* SecuTrialClient.swift */ = {isa = PBXFileReference; fileEncoding = 4; lastKnownFileType = sourcecode.swift; path = SecuTrialClient.swift; sourceTree = "<group>"; };
		EE89734C1BD11BFD001FE1DA /* SecuTrialResponse.swift */ = {isa = PBXFileReference; fileEncoding = 4; lastKnownFileType = sourcecode.swift; path = SecuTrialResponse.swift; sourceTree = "<group>"; };
		EEA69A6C1BE106BA00DAA00E /* SOAPParser.swift */ = {isa = PBXFileReference; fileEncoding = 4; lastKnownFileType = sourcecode.swift; path = SOAPParser.swift; sourceTree = "<group>"; };
		EEA69A6E1BE1074C00DAA00E /* SOAPError.swift */ = {isa = PBXFileReference; fileEncoding = 4; lastKnownFileType = sourcecode.swift; path = SOAPError.swift; sourceTree = "<group>"; };
		EEA69A731BE1142B00DAA00E /* SecuTrialFormParsingTests.swift */ = {isa = PBXFileReference; fileEncoding = 4; lastKnownFileType = sourcecode.swift; path = SecuTrialFormParsingTests.swift; sourceTree = "<group>"; };
		EEA69A8B1BE377DA00DAA00E /* TestFormDefinition.xml */ = {isa = PBXFileReference; fileEncoding = 4; lastKnownFileType = text.xml; path = TestFormDefinition.xml; sourceTree = "<group>"; };
		EEEA7F121BD4E1C30089BF85 /* SecuTrialAccount.swift */ = {isa = PBXFileReference; fileEncoding = 4; lastKnownFileType = sourcecode.swift; path = SecuTrialAccount.swift; sourceTree = "<group>"; };
		EEEA7F191BD4E5B60089BF85 /* SecuTrialBeanFormDataRecord.swift */ = {isa = PBXFileReference; fileEncoding = 4; lastKnownFileType = sourcecode.swift; path = SecuTrialBeanFormDataRecord.swift; sourceTree = "<group>"; };
		EEEA7F1B1BD4E6020089BF85 /* SecuTrialBeanWebServiceResult.swift */ = {isa = PBXFileReference; fileEncoding = 4; lastKnownFileType = sourcecode.swift; path = SecuTrialBeanWebServiceResult.swift; sourceTree = "<group>"; };
		EEEA7F1D1BD4E6A20089BF85 /* SecuTrialBeanPatient.swift */ = {isa = PBXFileReference; fileEncoding = 4; lastKnownFileType = sourcecode.swift; path = SecuTrialBeanPatient.swift; sourceTree = "<group>"; };
		EEEA7F1F1BD4E6CF0089BF85 /* SecuTrialBeanVisit.swift */ = {isa = PBXFileReference; fileEncoding = 4; lastKnownFileType = sourcecode.swift; path = SecuTrialBeanVisit.swift; sourceTree = "<group>"; };
		EEEA7F231BD4E6F60089BF85 /* SecuTrialBeanFormDataItem.swift */ = {isa = PBXFileReference; fileEncoding = 4; lastKnownFileType = sourcecode.swift; path = SecuTrialBeanFormDataItem.swift; sourceTree = "<group>"; };
		EEEA7F521BD674C70089BF85 /* SecuTrialBean.swift */ = {isa = PBXFileReference; fileEncoding = 4; lastKnownFileType = sourcecode.swift; path = SecuTrialBean.swift; sourceTree = "<group>"; };
/* End PBXFileReference section */

/* Begin PBXFrameworksBuildPhase section */
		EE83DC241BC66E2C000B57D5 /* Frameworks */ = {
			isa = PBXFrameworksBuildPhase;
			buildActionMask = 2147483647;
			files = (
				EE7B36B91E536198007B1D73 /* ResearchKit.framework in Frameworks */,
			);
			runOnlyForDeploymentPostprocessing = 0;
		};
		EE83DC2F1BC66E2C000B57D5 /* Frameworks */ = {
			isa = PBXFrameworksBuildPhase;
			buildActionMask = 2147483647;
			files = (
				EE83DC331BC66E2C000B57D5 /* SecuTrialClient.framework in Frameworks */,
			);
			runOnlyForDeploymentPostprocessing = 0;
		};
/* End PBXFrameworksBuildPhase section */

/* Begin PBXGroup section */
		EE5BE9861C2AD92100058027 /* Forms */ = {
			isa = PBXGroup;
			children = (
				EE5BE9811C2AD91700058027 /* SecuTrialFormDefinition.swift */,
				EE5BE97E1C2AD91700058027 /* SecuTrialEntity.swift */,
				EE5BE9801C2AD91700058027 /* SecuTrialEntityObject.swift */,
				EE5BE97F1C2AD91700058027 /* SecuTrialEntityForm.swift */,
				EE5BE9931C2ADDE800058027 /* SecuTrialEntityFormField.swift */,
				EE3907A61C3ACD95005BFF3D /* SecuTrialEntityImportFormat.swift */,
			);
			name = Forms;
			sourceTree = "<group>";
		};
		EE5BE98C1C2ADA7500058027 /* ResarchKitIntegration */ = {
			isa = PBXGroup;
			children = (
				EE5BE9971C2AE99800058027 /* SecuTrialSurvey.swift */,
				EE5BE98D1C2ADA7500058027 /* SecuTrialEntityForm+ResearchKit.swift */,
				EE5BE9951C2AE06B00058027 /* SecuTrialEntityFormField+ResearchKit.swift */,
				EE3907A21C3AB69D005BFF3D /* ORKTaskResult+SecuTrial.swift */,
			);
			name = ResarchKitIntegration;
			path = Sources/ResarchKitIntegration;
			sourceTree = "<group>";
		};
		EE7B36B71E536197007B1D73 /* Frameworks */ = {
			isa = PBXGroup;
			children = (
				EE7B36B81E536198007B1D73 /* ResearchKit.framework */,
			);
			name = Frameworks;
			sourceTree = "<group>";
		};
		EE83DC1E1BC66E2C000B57D5 = {
			isa = PBXGroup;
			children = (
				EE83DC2D1BC66E2C000B57D5 /* Info.plist */,
				EE5BE97C1C2ACDBB00058027 /* Package.swift */,
				EEEA7F171BD4E5730089BF85 /* SOAP */,
				EEEA7F181BD4E5A40089BF85 /* Beans */,
				EE83DC2A1BC66E2C000B57D5 /* Client */,
				EE5BE98C1C2ADA7500058027 /* ResarchKitIntegration */,
				EE83DC361BC66E2C000B57D5 /* Tests */,
				EE83DC291BC66E2C000B57D5 /* Products */,
				EE7B36B71E536197007B1D73 /* Frameworks */,
			);
			sourceTree = "<group>";
		};
		EE83DC291BC66E2C000B57D5 /* Products */ = {
			isa = PBXGroup;
			children = (
				EE83DC281BC66E2C000B57D5 /* SecuTrialClient.framework */,
				EE83DC321BC66E2C000B57D5 /* SecuTrialClientTests.xctest */,
			);
			name = Products;
			sourceTree = "<group>";
		};
		EE83DC2A1BC66E2C000B57D5 /* Client */ = {
			isa = PBXGroup;
			children = (
				EE89734A1BD0FFB4001FE1DA /* SecuTrialClient.swift */,
				EEEA7F121BD4E1C30089BF85 /* SecuTrialAccount.swift */,
				EE83DC4D1BC66EE1000B57D5 /* SecuTrialService.swift */,
				EE83DC661BC691E7000B57D5 /* SecuTrialOperation.swift */,
				EE89734C1BD11BFD001FE1DA /* SecuTrialResponse.swift */,
			);
			name = Client;
			path = Sources/Client;
			sourceTree = "<group>";
		};
		EE83DC361BC66E2C000B57D5 /* Tests */ = {
			isa = PBXGroup;
			children = (
				EE83DC371BC66E2C000B57D5 /* SecuTrialClientTests.swift */,
				EE8973431BD0F5CA001FE1DA /* SecuTrialOperationTests.swift */,
				EEA69A731BE1142B00DAA00E /* SecuTrialFormParsingTests.swift */,
				EE83DC821BCFC3F9000B57D5 /* SOAPNodeTests.swift */,
				EE83DC841BCFC437000B57D5 /* TestEnvelope.xml */,
				EEA69A8B1BE377DA00DAA00E /* TestFormDefinition.xml */,
				EE83DC391BC66E2C000B57D5 /* Info.plist */,
			);
			path = Tests;
			sourceTree = "<group>";
		};
		EEEA7F171BD4E5730089BF85 /* SOAP */ = {
			isa = PBXGroup;
			children = (
				EE83DC6C1BC6A234000B57D5 /* SOAPNode.swift */,
				EEA69A6C1BE106BA00DAA00E /* SOAPParser.swift */,
				EE83DC681BC69291000B57D5 /* SOAPRequest.swift */,
				EE83DC6A1BC6929A000B57D5 /* SOAPResponse.swift */,
				EE83DC7D1BCFC0D3000B57D5 /* SOAPEnvelope.swift */,
				EEA69A6E1BE1074C00DAA00E /* SOAPError.swift */,
			);
			name = SOAP;
			path = Sources/SOAP;
			sourceTree = "<group>";
		};
		EEEA7F181BD4E5A40089BF85 /* Beans */ = {
			isa = PBXGroup;
			children = (
				EEEA7F521BD674C70089BF85 /* SecuTrialBean.swift */,
				EEEA7F1B1BD4E6020089BF85 /* SecuTrialBeanWebServiceResult.swift */,
				EEEA7F191BD4E5B60089BF85 /* SecuTrialBeanFormDataRecord.swift */,
				EEEA7F231BD4E6F60089BF85 /* SecuTrialBeanFormDataItem.swift */,
				EEEA7F1D1BD4E6A20089BF85 /* SecuTrialBeanPatient.swift */,
				EEEA7F1F1BD4E6CF0089BF85 /* SecuTrialBeanVisit.swift */,
				EE5BE97A1C2ACA4100058027 /* SecuTrialError.swift */,
				EE5BE9861C2AD92100058027 /* Forms */,
			);
			name = Beans;
			path = Sources/Beans;
			sourceTree = "<group>";
		};
/* End PBXGroup section */

/* Begin PBXHeadersBuildPhase section */
		EE83DC251BC66E2C000B57D5 /* Headers */ = {
			isa = PBXHeadersBuildPhase;
			buildActionMask = 2147483647;
			files = (
			);
			runOnlyForDeploymentPostprocessing = 0;
		};
/* End PBXHeadersBuildPhase section */

/* Begin PBXNativeTarget section */
		EE83DC271BC66E2C000B57D5 /* SecuTrialClient */ = {
			isa = PBXNativeTarget;
			buildConfigurationList = EE83DC3C1BC66E2C000B57D5 /* Build configuration list for PBXNativeTarget "SecuTrialClient" */;
			buildPhases = (
				EE83DC231BC66E2C000B57D5 /* Sources */,
				EE83DC241BC66E2C000B57D5 /* Frameworks */,
				EE83DC251BC66E2C000B57D5 /* Headers */,
				EE83DC261BC66E2C000B57D5 /* Resources */,
			);
			buildRules = (
			);
			dependencies = (
			);
			name = SecuTrialClient;
			productName = SecuTrialClient;
			productReference = EE83DC281BC66E2C000B57D5 /* SecuTrialClient.framework */;
			productType = "com.apple.product-type.framework";
		};
		EE83DC311BC66E2C000B57D5 /* SecuTrialClientTests */ = {
			isa = PBXNativeTarget;
			buildConfigurationList = EE83DC3F1BC66E2C000B57D5 /* Build configuration list for PBXNativeTarget "SecuTrialClientTests" */;
			buildPhases = (
				EE83DC2E1BC66E2C000B57D5 /* Sources */,
				EE83DC2F1BC66E2C000B57D5 /* Frameworks */,
				EE83DC301BC66E2C000B57D5 /* Resources */,
			);
			buildRules = (
			);
			dependencies = (
				EE83DC351BC66E2C000B57D5 /* PBXTargetDependency */,
			);
			name = SecuTrialClientTests;
			productName = SecuTrialClientTests;
			productReference = EE83DC321BC66E2C000B57D5 /* SecuTrialClientTests.xctest */;
			productType = "com.apple.product-type.bundle.unit-test";
		};
/* End PBXNativeTarget section */

/* Begin PBXProject section */
		EE83DC1F1BC66E2C000B57D5 /* Project object */ = {
			isa = PBXProject;
			attributes = {
				LastSwiftUpdateCheck = 0700;
				LastUpgradeCheck = 0820;
				ORGANIZATIONNAME = USZ;
				TargetAttributes = {
					EE83DC271BC66E2C000B57D5 = {
						CreatedOnToolsVersion = 7.0.1;
						LastSwiftMigration = 0820;
					};
					EE83DC311BC66E2C000B57D5 = {
						CreatedOnToolsVersion = 7.0.1;
						LastSwiftMigration = 0820;
					};
				};
			};
			buildConfigurationList = EE83DC221BC66E2C000B57D5 /* Build configuration list for PBXProject "SecuTrialClient" */;
			compatibilityVersion = "Xcode 3.2";
			developmentRegion = English;
			hasScannedForEncodings = 0;
			knownRegions = (
				en,
			);
			mainGroup = EE83DC1E1BC66E2C000B57D5;
			productRefGroup = EE83DC291BC66E2C000B57D5 /* Products */;
			projectDirPath = "";
			projectRoot = "";
			targets = (
				EE83DC271BC66E2C000B57D5 /* SecuTrialClient */,
				EE83DC311BC66E2C000B57D5 /* SecuTrialClientTests */,
			);
		};
/* End PBXProject section */

/* Begin PBXResourcesBuildPhase section */
		EE83DC261BC66E2C000B57D5 /* Resources */ = {
			isa = PBXResourcesBuildPhase;
			buildActionMask = 2147483647;
			files = (
			);
			runOnlyForDeploymentPostprocessing = 0;
		};
		EE83DC301BC66E2C000B57D5 /* Resources */ = {
			isa = PBXResourcesBuildPhase;
			buildActionMask = 2147483647;
			files = (
				EEA69A8C1BE377DA00DAA00E /* TestFormDefinition.xml in Resources */,
				EE83DC851BCFC437000B57D5 /* TestEnvelope.xml in Resources */,
			);
			runOnlyForDeploymentPostprocessing = 0;
		};
/* End PBXResourcesBuildPhase section */

/* Begin PBXSourcesBuildPhase section */
		EE83DC231BC66E2C000B57D5 /* Sources */ = {
			isa = PBXSourcesBuildPhase;
			buildActionMask = 2147483647;
			files = (
				EE5BE9841C2AD91700058027 /* SecuTrialEntityObject.swift in Sources */,
				EE83DC691BC69291000B57D5 /* SOAPRequest.swift in Sources */,
				EE5BE9981C2AE99800058027 /* SecuTrialSurvey.swift in Sources */,
				EE5BE9941C2ADDE800058027 /* SecuTrialEntityFormField.swift in Sources */,
				EE5BE98E1C2ADA7500058027 /* SecuTrialEntityForm+ResearchKit.swift in Sources */,
				EEEA7F131BD4E1C30089BF85 /* SecuTrialAccount.swift in Sources */,
				EEEA7F1C1BD4E6020089BF85 /* SecuTrialBeanWebServiceResult.swift in Sources */,
				EE5BE9851C2AD91700058027 /* SecuTrialFormDefinition.swift in Sources */,
				EE83DC671BC691E7000B57D5 /* SecuTrialOperation.swift in Sources */,
				EE83DC6D1BC6A234000B57D5 /* SOAPNode.swift in Sources */,
				EE83DC4E1BC66EE1000B57D5 /* SecuTrialService.swift in Sources */,
				EE3907A71C3ACD95005BFF3D /* SecuTrialEntityImportFormat.swift in Sources */,
				EE3907A31C3AB69D005BFF3D /* ORKTaskResult+SecuTrial.swift in Sources */,
				EE83DC7E1BCFC0D3000B57D5 /* SOAPEnvelope.swift in Sources */,
				EEEA7F1A1BD4E5B60089BF85 /* SecuTrialBeanFormDataRecord.swift in Sources */,
				EE89734D1BD11BFD001FE1DA /* SecuTrialResponse.swift in Sources */,
				EE5BE97B1C2ACA4100058027 /* SecuTrialError.swift in Sources */,
				EE5BE9821C2AD91700058027 /* SecuTrialEntity.swift in Sources */,
				EEEA7F1E1BD4E6A20089BF85 /* SecuTrialBeanPatient.swift in Sources */,
				EE5BE9961C2AE06B00058027 /* SecuTrialEntityFormField+ResearchKit.swift in Sources */,
				EEEA7F531BD674C70089BF85 /* SecuTrialBean.swift in Sources */,
				EE5BE9831C2AD91700058027 /* SecuTrialEntityForm.swift in Sources */,
				EEA69A6D1BE106BA00DAA00E /* SOAPParser.swift in Sources */,
				EE83DC6B1BC6929A000B57D5 /* SOAPResponse.swift in Sources */,
				EEEA7F241BD4E6F60089BF85 /* SecuTrialBeanFormDataItem.swift in Sources */,
				EEA69A6F1BE1074C00DAA00E /* SOAPError.swift in Sources */,
				EEEA7F201BD4E6CF0089BF85 /* SecuTrialBeanVisit.swift in Sources */,
				EE89734B1BD0FFB4001FE1DA /* SecuTrialClient.swift in Sources */,
			);
			runOnlyForDeploymentPostprocessing = 0;
		};
		EE83DC2E1BC66E2C000B57D5 /* Sources */ = {
			isa = PBXSourcesBuildPhase;
			buildActionMask = 2147483647;
			files = (
				EE83DC831BCFC3F9000B57D5 /* SOAPNodeTests.swift in Sources */,
				EEA69A741BE1142B00DAA00E /* SecuTrialFormParsingTests.swift in Sources */,
				EE8973441BD0F5CA001FE1DA /* SecuTrialOperationTests.swift in Sources */,
				EE83DC381BC66E2C000B57D5 /* SecuTrialClientTests.swift in Sources */,
			);
			runOnlyForDeploymentPostprocessing = 0;
		};
/* End PBXSourcesBuildPhase section */

/* Begin PBXTargetDependency section */
		EE83DC351BC66E2C000B57D5 /* PBXTargetDependency */ = {
			isa = PBXTargetDependency;
			target = EE83DC271BC66E2C000B57D5 /* SecuTrialClient */;
			targetProxy = EE83DC341BC66E2C000B57D5 /* PBXContainerItemProxy */;
		};
/* End PBXTargetDependency section */

/* Begin XCBuildConfiguration section */
		EE83DC3A1BC66E2C000B57D5 /* Debug */ = {
			isa = XCBuildConfiguration;
			buildSettings = {
				ALWAYS_SEARCH_USER_PATHS = NO;
				CLANG_CXX_LANGUAGE_STANDARD = "gnu++0x";
				CLANG_CXX_LIBRARY = "libc++";
				CLANG_ENABLE_MODULES = YES;
				CLANG_ENABLE_OBJC_ARC = YES;
				CLANG_WARN_BOOL_CONVERSION = YES;
				CLANG_WARN_CONSTANT_CONVERSION = YES;
				CLANG_WARN_DIRECT_OBJC_ISA_USAGE = YES_ERROR;
				CLANG_WARN_EMPTY_BODY = YES;
				CLANG_WARN_ENUM_CONVERSION = YES;
				CLANG_WARN_INFINITE_RECURSION = YES;
				CLANG_WARN_INT_CONVERSION = YES;
				CLANG_WARN_OBJC_ROOT_CLASS = YES_ERROR;
				CLANG_WARN_SUSPICIOUS_MOVE = YES;
				CLANG_WARN_UNREACHABLE_CODE = YES;
				CLANG_WARN__DUPLICATE_METHOD_MATCH = YES;
				"CODE_SIGN_IDENTITY[sdk=iphoneos*]" = "iPhone Developer";
				COPY_PHASE_STRIP = NO;
				CURRENT_PROJECT_VERSION = 1;
				DEBUG_INFORMATION_FORMAT = dwarf;
				ENABLE_STRICT_OBJC_MSGSEND = YES;
				ENABLE_TESTABILITY = YES;
				GCC_C_LANGUAGE_STANDARD = gnu99;
				GCC_DYNAMIC_NO_PIC = NO;
				GCC_NO_COMMON_BLOCKS = YES;
				GCC_OPTIMIZATION_LEVEL = 0;
				GCC_PREPROCESSOR_DEFINITIONS = (
					"DEBUG=1",
					"$(inherited)",
				);
				GCC_WARN_64_TO_32_BIT_CONVERSION = YES;
				GCC_WARN_ABOUT_RETURN_TYPE = YES_ERROR;
				GCC_WARN_UNDECLARED_SELECTOR = YES;
				GCC_WARN_UNINITIALIZED_AUTOS = YES_AGGRESSIVE;
				GCC_WARN_UNUSED_FUNCTION = YES;
				GCC_WARN_UNUSED_VARIABLE = YES;
				IPHONEOS_DEPLOYMENT_TARGET = 9.0;
				MTL_ENABLE_DEBUG_INFO = YES;
				ONLY_ACTIVE_ARCH = YES;
				SDKROOT = iphoneos;
				SWIFT_OPTIMIZATION_LEVEL = "-Onone";
				TARGETED_DEVICE_FAMILY = "1,2";
				VERSIONING_SYSTEM = "apple-generic";
				VERSION_INFO_PREFIX = "";
			};
			name = Debug;
		};
		EE83DC3B1BC66E2C000B57D5 /* Release */ = {
			isa = XCBuildConfiguration;
			buildSettings = {
				ALWAYS_SEARCH_USER_PATHS = NO;
				CLANG_CXX_LANGUAGE_STANDARD = "gnu++0x";
				CLANG_CXX_LIBRARY = "libc++";
				CLANG_ENABLE_MODULES = YES;
				CLANG_ENABLE_OBJC_ARC = YES;
				CLANG_WARN_BOOL_CONVERSION = YES;
				CLANG_WARN_CONSTANT_CONVERSION = YES;
				CLANG_WARN_DIRECT_OBJC_ISA_USAGE = YES_ERROR;
				CLANG_WARN_EMPTY_BODY = YES;
				CLANG_WARN_ENUM_CONVERSION = YES;
				CLANG_WARN_INFINITE_RECURSION = YES;
				CLANG_WARN_INT_CONVERSION = YES;
				CLANG_WARN_OBJC_ROOT_CLASS = YES_ERROR;
				CLANG_WARN_SUSPICIOUS_MOVE = YES;
				CLANG_WARN_UNREACHABLE_CODE = YES;
				CLANG_WARN__DUPLICATE_METHOD_MATCH = YES;
				"CODE_SIGN_IDENTITY[sdk=iphoneos*]" = "iPhone Developer";
				COPY_PHASE_STRIP = NO;
				CURRENT_PROJECT_VERSION = 1;
				DEBUG_INFORMATION_FORMAT = "dwarf-with-dsym";
				ENABLE_NS_ASSERTIONS = NO;
				ENABLE_STRICT_OBJC_MSGSEND = YES;
				GCC_C_LANGUAGE_STANDARD = gnu99;
				GCC_NO_COMMON_BLOCKS = YES;
				GCC_WARN_64_TO_32_BIT_CONVERSION = YES;
				GCC_WARN_ABOUT_RETURN_TYPE = YES_ERROR;
				GCC_WARN_UNDECLARED_SELECTOR = YES;
				GCC_WARN_UNINITIALIZED_AUTOS = YES_AGGRESSIVE;
				GCC_WARN_UNUSED_FUNCTION = YES;
				GCC_WARN_UNUSED_VARIABLE = YES;
				IPHONEOS_DEPLOYMENT_TARGET = 9.0;
				MTL_ENABLE_DEBUG_INFO = NO;
				SDKROOT = iphoneos;
				SWIFT_OPTIMIZATION_LEVEL = "-Owholemodule";
				TARGETED_DEVICE_FAMILY = "1,2";
				VALIDATE_PRODUCT = YES;
				VERSIONING_SYSTEM = "apple-generic";
				VERSION_INFO_PREFIX = "";
			};
			name = Release;
		};
		EE83DC3D1BC66E2C000B57D5 /* Debug */ = {
			isa = XCBuildConfiguration;
			buildSettings = {
				CLANG_ENABLE_MODULES = YES;
				"CODE_SIGN_IDENTITY[sdk=iphoneos*]" = "";
				DEFINES_MODULE = YES;
				DYLIB_COMPATIBILITY_VERSION = 1;
				DYLIB_CURRENT_VERSION = 1;
				DYLIB_INSTALL_NAME_BASE = "@rpath";
				INFOPLIST_FILE = "$(SRCROOT)/Info.plist";
				INSTALL_PATH = "$(LOCAL_LIBRARY_DIR)/Frameworks";
				LD_RUNPATH_SEARCH_PATHS = "$(inherited) @executable_path/Frameworks @loader_path/Frameworks";
				OTHER_SWIFT_FLAGS = "-DDEBUG -DSKIP_INTERNAL_IMPORT";
				PRODUCT_BUNDLE_IDENTIFIER = ch.usz.medinfo.SecuTrialClient;
				PRODUCT_NAME = "$(TARGET_NAME)";
				SKIP_INSTALL = YES;
				SWIFT_OPTIMIZATION_LEVEL = "-Onone";
				SWIFT_VERSION = 3.0;
			};
			name = Debug;
		};
		EE83DC3E1BC66E2C000B57D5 /* Release */ = {
			isa = XCBuildConfiguration;
			buildSettings = {
				CLANG_ENABLE_MODULES = YES;
				"CODE_SIGN_IDENTITY[sdk=iphoneos*]" = "";
				DEFINES_MODULE = YES;
				DYLIB_COMPATIBILITY_VERSION = 1;
				DYLIB_CURRENT_VERSION = 1;
				DYLIB_INSTALL_NAME_BASE = "@rpath";
				INFOPLIST_FILE = "$(SRCROOT)/Info.plist";
				INSTALL_PATH = "$(LOCAL_LIBRARY_DIR)/Frameworks";
				LD_RUNPATH_SEARCH_PATHS = "$(inherited) @executable_path/Frameworks @loader_path/Frameworks";
				OTHER_SWIFT_FLAGS = "-DSKIP_INTERNAL_IMPORT";
				PRODUCT_BUNDLE_IDENTIFIER = ch.usz.medinfo.SecuTrialClient;
				PRODUCT_NAME = "$(TARGET_NAME)";
				SKIP_INSTALL = YES;
				SWIFT_VERSION = 3.0;
			};
			name = Release;
		};
		EE83DC401BC66E2C000B57D5 /* Debug */ = {
			isa = XCBuildConfiguration;
			buildSettings = {
				INFOPLIST_FILE = Tests/Info.plist;
				LD_RUNPATH_SEARCH_PATHS = "$(inherited) @executable_path/Frameworks @loader_path/Frameworks";
				PRODUCT_BUNDLE_IDENTIFIER = ch.usz.medinfo.SecuTrialClientTests;
				PRODUCT_NAME = "$(TARGET_NAME)";
				SWIFT_VERSION = 3.0;
			};
			name = Debug;
		};
		EE83DC411BC66E2C000B57D5 /* Release */ = {
			isa = XCBuildConfiguration;
			buildSettings = {
				INFOPLIST_FILE = Tests/Info.plist;
				LD_RUNPATH_SEARCH_PATHS = "$(inherited) @executable_path/Frameworks @loader_path/Frameworks";
				PRODUCT_BUNDLE_IDENTIFIER = ch.usz.medinfo.SecuTrialClientTests;
				PRODUCT_NAME = "$(TARGET_NAME)";
				SWIFT_VERSION = 3.0;
			};
			name = Release;
		};
/* End XCBuildConfiguration section */

/* Begin XCConfigurationList section */
		EE83DC221BC66E2C000B57D5 /* Build configuration list for PBXProject "SecuTrialClient" */ = {
			isa = XCConfigurationList;
			buildConfigurations = (
				EE83DC3A1BC66E2C000B57D5 /* Debug */,
				EE83DC3B1BC66E2C000B57D5 /* Release */,
			);
			defaultConfigurationIsVisible = 0;
			defaultConfigurationName = Release;
		};
		EE83DC3C1BC66E2C000B57D5 /* Build configuration list for PBXNativeTarget "SecuTrialClient" */ = {
			isa = XCConfigurationList;
			buildConfigurations = (
				EE83DC3D1BC66E2C000B57D5 /* Debug */,
				EE83DC3E1BC66E2C000B57D5 /* Release */,
			);
			defaultConfigurationIsVisible = 0;
			defaultConfigurationName = Release;
		};
		EE83DC3F1BC66E2C000B57D5 /* Build configuration list for PBXNativeTarget "SecuTrialClientTests" */ = {
			isa = XCConfigurationList;
			buildConfigurations = (
				EE83DC401BC66E2C000B57D5 /* Debug */,
				EE83DC411BC66E2C000B57D5 /* Release */,
			);
			defaultConfigurationIsVisible = 0;
			defaultConfigurationName = Release;
		};
/* End XCConfigurationList section */
	};
	rootObject = EE83DC1F1BC66E2C000B57D5 /* Project object */;
}
